
Microsoft Visual Studio Solution File, Format Version 12.00
# Visual Studio Version 17
VisualStudioVersion = 17.0.32014.148
MinimumVisualStudioVersion = 10.0.40219.1
Project("{FAE04EC0-301F-11D3-BF4B-00C04F79EFBC}") = "Sitecore.History", "Sitecore.History\Sitecore.History.csproj", "{C31DC6E1-1341-48D5-8052-224C318FF3A5}"
EndProject
Global
	GlobalSection(SolutionConfigurationPlatforms) = preSolution
		Debug|Any CPU = Debug|Any CPU
		Release|Any CPU = Release|Any CPU
	EndGlobalSection
	GlobalSection(ProjectConfigurationPlatforms) = postSolution
		{C31DC6E1-1341-48D5-8052-224C318FF3A5}.Debug|Any CPU.ActiveCfg = Debug|Any CPU
		{C31DC6E1-1341-48D5-8052-224C318FF3A5}.Debug|Any CPU.Build.0 = Debug|Any CPU
		{C31DC6E1-1341-48D5-8052-224C318FF3A5}.Release|Any CPU.ActiveCfg = Release|Any CPU
		{C31DC6E1-1341-48D5-8052-224C318FF3A5}.Release|Any CPU.Build.0 = Release|Any CPU
	EndGlobalSection
	GlobalSection(SolutionProperties) = preSolution
		HideSolutionNode = FALSE
	EndGlobalSection
	GlobalSection(ExtensibilityGlobals) = postSolution
		SolutionGuid = {7F876540-B2EE-4FB1-83F2-E3569E7163D4}
	EndGlobalSection
EndGlobal
